
Microsoft Visual Studio Solution File, Format Version 12.00
# Visual Studio 15
VisualStudioVersion = 15.0.28307.757
MinimumVisualStudioVersion = 10.0.40219.1
Project("{FAE04EC0-301F-11D3-BF4B-00C04F79EFBC}") = "SpreadWPF_Prism2", "SpreadWPF_Prism2\SpreadWPF_Prism2.csproj", "{B4AC913A-851A-4F33-A706-5E989BA5DA68}"
EndProject
Project("{FAE04EC0-301F-11D3-BF4B-00C04F79EFBC}") = "Navigation", "Navigation\Navigation.csproj", "{14D067F4-5F63-4DFC-82ED-BEF02B17D982}"
EndProject
Global
	GlobalSection(SolutionConfigurationPlatforms) = preSolution
		Debug|Any CPU = Debug|Any CPU
		Release|Any CPU = Release|Any CPU
	EndGlobalSection
	GlobalSection(ProjectConfigurationPlatforms) = postSolution
		{B4AC913A-851A-4F33-A706-5E989BA5DA68}.Debug|Any CPU.ActiveCfg = Debug|Any CPU
		{B4AC913A-851A-4F33-A706-5E989BA5DA68}.Debug|Any CPU.Build.0 = Debug|Any CPU
		{B4AC913A-851A-4F33-A706-5E989BA5DA68}.Release|Any CPU.ActiveCfg = Release|Any CPU
		{B4AC913A-851A-4F33-A706-5E989BA5DA68}.Release|Any CPU.Build.0 = Release|Any CPU
		{14D067F4-5F63-4DFC-82ED-BEF02B17D982}.Debug|Any CPU.ActiveCfg = Debug|Any CPU
		{14D067F4-5F63-4DFC-82ED-BEF02B17D982}.Debug|Any CPU.Build.0 = Debug|Any CPU
		{14D067F4-5F63-4DFC-82ED-BEF02B17D982}.Release|Any CPU.ActiveCfg = Release|Any CPU
		{14D067F4-5F63-4DFC-82ED-BEF02B17D982}.Release|Any CPU.Build.0 = Release|Any CPU
	EndGlobalSection
	GlobalSection(SolutionProperties) = preSolution
		HideSolutionNode = FALSE
	EndGlobalSection
	GlobalSection(ExtensibilityGlobals) = postSolution
		SolutionGuid = {BFB59F0B-1D99-40DD-B1DD-2B43E0EE115A}
	EndGlobalSection
EndGlobal
